
Microsoft Visual Studio Solution File, Format Version 12.00
# Visual Studio 15
VisualStudioVersion = 15.0.27428.2011
MinimumVisualStudioVersion = 10.0.40219.1
Project("{888888A0-9F3D-457C-B088-3A5042F75D52}") = "OOPP", "OOPP\OOPP.pyproj", "{B956F541-8561-441C-ADBD-E7011E11F4BB}"
EndProject
Global
	GlobalSection(SolutionConfigurationPlatforms) = preSolution
		Debug|Any CPU = Debug|Any CPU
		Release|Any CPU = Release|Any CPU
	EndGlobalSection
	GlobalSection(ProjectConfigurationPlatforms) = postSolution
		{B956F541-8561-441C-ADBD-E7011E11F4BB}.Debug|Any CPU.ActiveCfg = Debug|Any CPU
		{B956F541-8561-441C-ADBD-E7011E11F4BB}.Release|Any CPU.ActiveCfg = Release|Any CPU
	EndGlobalSection
	GlobalSection(SolutionProperties) = preSolution
		HideSolutionNode = FALSE
	EndGlobalSection
	GlobalSection(ExtensibilityGlobals) = postSolution
		SolutionGuid = {C2AD8BD8-14E8-4325-A847-F2B2FF2093E2}
	EndGlobalSection
EndGlobal
